Microsoft Visual Studio Solution File, Format Version 11.00
# Visual Studio 2008

Project("{BDCCD214-64B3-4E97-ECF9-51D15A9704DD}") = "BarnFeud", "Assembly-CSharp.csproj", "{2ACDEBC3-526C-A0A7-9EF1-98E7C2DDEFC5}"
EndProject
Global
	GlobalSection(SolutionConfigurationPlatforms) = preSolution
		Debug|Any CPU = Debug|Any CPU
		Release|Any CPU = Release|Any CPU
	EndGlobalSection
	GlobalSection(ProjectConfigurationPlatforms) = postSolution
		{2ACDEBC3-526C-A0A7-9EF1-98E7C2DDEFC5}.Debug|Any CPU.ActiveCfg = Debug|Any CPU
		{2ACDEBC3-526C-A0A7-9EF1-98E7C2DDEFC5}.Debug|Any CPU.Build.0 = Debug|Any CPU
		{2ACDEBC3-526C-A0A7-9EF1-98E7C2DDEFC5}.Release|Any CPU.ActiveCfg = Release|Any CPU
		{2ACDEBC3-526C-A0A7-9EF1-98E7C2DDEFC5}.Release|Any CPU.Build.0 = Release|Any CPU
	EndGlobalSection
	GlobalSection(SolutionProperties) = preSolution
		HideSolutionNode = FALSE
	EndGlobalSection
	GlobalSection(MonoDevelopProperties) = preSolution
		StartupItem = Assembly-CSharp.csproj
	EndGlobalSection
EndGlobal
